Microsoft Visual Studio Solution File, Format Version 12.00
# Visual Studio Version 17
VisualStudioVersion = 17.5.2.0
MinimumVisualStudioVersion = 10.0.40219.1
Project("{2150E333-8FDC-42A3-9474-1A3956D46DE8}") = "sdk", "sdk", "{FF13A09E-0E72-1904-124B-A4E979EF28D3}"
EndProject
Project("{2150E333-8FDC-42A3-9474-1A3956D46DE8}") = "core", "core", "{97D89DD8-3754-02C3-6ABE-0B82B8EA4AD7}"
EndProject
Project("{2150E333-8FDC-42A3-9474-1A3956D46DE8}") = "unity", "unity", "{DF1B8877-C05B-051A-9E90-8ABFFED86006}"
EndProject
Project("{FAE04EC0-301F-11D3-BF4B-00C04F79EFBC}") = "ApexMediation.Tests", "sdk\core\unity\Tests\ApexMediation.Tests.csproj", "{5D649F67-BC6B-E75B-B62F-2B8D8FCDD95A}"
EndProject
Global
	GlobalSection(SolutionConfigurationPlatforms) = preSolution
		Debug|Any CPU = Debug|Any CPU
		Release|Any CPU = Release|Any CPU
	EndGlobalSection
	GlobalSection(ProjectConfigurationPlatforms) = postSolution
		{5D649F67-BC6B-E75B-B62F-2B8D8FCDD95A}.Debug|Any CPU.ActiveCfg = Debug|Any CPU
		{5D649F67-BC6B-E75B-B62F-2B8D8FCDD95A}.Debug|Any CPU.Build.0 = Debug|Any CPU
		{5D649F67-BC6B-E75B-B62F-2B8D8FCDD95A}.Release|Any CPU.ActiveCfg = Release|Any CPU
		{5D649F67-BC6B-E75B-B62F-2B8D8FCDD95A}.Release|Any CPU.Build.0 = Release|Any CPU
	EndGlobalSection
	GlobalSection(SolutionProperties) = preSolution
		HideSolutionNode = FALSE
	EndGlobalSection
	GlobalSection(NestedProjects) = preSolution
		{97D89DD8-3754-02C3-6ABE-0B82B8EA4AD7} = {FF13A09E-0E72-1904-124B-A4E979EF28D3}
		{DF1B8877-C05B-051A-9E90-8ABFFED86006} = {97D89DD8-3754-02C3-6ABE-0B82B8EA4AD7}
		{5D649F67-BC6B-E75B-B62F-2B8D8FCDD95A} = {DF1B8877-C05B-051A-9E90-8ABFFED86006}
	EndGlobalSection
	GlobalSection(ExtensibilityGlobals) = postSolution
		SolutionGuid = {06ED3E28-FF30-41ED-B62D-4F67ED4BFE9C}
	EndGlobalSection
EndGlobal
